{
  "name": "dcompass",
  "requires": true,
  "lockfileVersion": 1,
  "dependencies": {
    "@chainlink/contracts": {
      "version": "0.2.2",
      "resolved": "https://registry.npmjs.org/@chainlink/contracts/-/contracts-0.2.2.tgz",
      "integrity": "sha512-wxXPbt7O3aZaUSG34ufFASC5amRSL6eeYCqsa+2gpqbB8Hk7B7FydEDCI5dqvAC444TlFskPHcVbizCZkRHPpw=="
    },
    "@multiformats/base-x": {
      "version": "4.0.1",
      "resolved": "https://registry.npmjs.org/@multiformats/base-x/-/base-x-4.0.1.tgz",
      "integrity": "sha512-eMk0b9ReBbV23xXU693TAIrLyeO5iTgBZGSJfpqriG8UkYvr/hC9u9pyMlAakDNHWmbhMZCDs6KQO0jzKD8OTw=="
    },
    "@openzeppelin/contracts": {
      "version": "4.3.2",
      "resolved": "https://registry.npmjs.org/@openzeppelin/contracts/-/contracts-4.3.2.tgz",
      "integrity": "sha512-AybF1cesONZStg5kWf6ao9OlqTZuPqddvprc0ky7lrUVOjXeKpmQ2Y9FK+6ygxasb+4aic4O5pneFBfwVsRRRg=="
    },
    "base-x": {
      "version": "3.0.8",
      "resolved": "https://registry.npmjs.org/base-x/-/base-x-3.0.8.tgz",
      "integrity": "sha512-Rl/1AWP4J/zRrk54hhlxH4drNxPJXYUaKffODVI53/dAsV4t9fBxyxYKAVPU1XBHxYwOWP9h9H0hM2MVw4YfJA==",
      "requires": {
        "safe-buffer": "^5.0.1"
      }
    },
    "bs58": {
      "version": "4.0.1",
      "resolved": "https://registry.npmjs.org/bs58/-/bs58-4.0.1.tgz",
      "integrity": "sha1-vhYedsNU9veIrkBx9j806MTwpCo=",
      "requires": {
        "base-x": "^3.0.2"
      }
    },
    "cids": {
      "version": "1.1.9",
      "resolved": "https://registry.npmjs.org/cids/-/cids-1.1.9.tgz",
      "integrity": "sha512-l11hWRfugIcbGuTZwAM5PwpjPPjyb6UZOGwlHSnOBV5o07XhQ4gNpBN67FbODvpjyHtd+0Xs6KNvUcGBiDRsdg==",
      "requires": {
        "multibase": "^4.0.1",
        "multicodec": "^3.0.1",
        "multihashes": "^4.0.1",
        "uint8arrays": "^3.0.0"
      }
    },
    "multibase": {
      "version": "4.0.6",
      "resolved": "https://registry.npmjs.org/multibase/-/multibase-4.0.6.tgz",
      "integrity": "sha512-x23pDe5+svdLz/k5JPGCVdfn7Q5mZVMBETiC+ORfO+sor9Sgs0smJzAjfTbM5tckeCqnaUuMYoz+k3RXMmJClQ==",
      "requires": {
        "@multiformats/base-x": "^4.0.1"
      }
    },
    "multicodec": {
      "version": "3.2.1",
      "resolved": "https://registry.npmjs.org/multicodec/-/multicodec-3.2.1.tgz",
      "integrity": "sha512-+expTPftro8VAW8kfvcuNNNBgb9gPeNYV9dn+z1kJRWF2vih+/S79f2RVeIwmrJBUJ6NT9IUPWnZDQvegEh5pw==",
      "requires": {
        "uint8arrays": "^3.0.0",
        "varint": "^6.0.0"
      }
    },
    "multiformats": {
      "version": "9.4.9",
      "resolved": "https://registry.npmjs.org/multiformats/-/multiformats-9.4.9.tgz",
      "integrity": "sha512-zA84TTJcRfRMpjvYqy63piBbSEdqlIGqNNSpP6kspqtougqjo60PRhIFo+oAxrjkof14WMCImvr7acK6rPpXLw=="
    },
    "multihashes": {
      "version": "4.0.3",
      "resolved": "https://registry.npmjs.org/multihashes/-/multihashes-4.0.3.tgz",
      "integrity": "sha512-0AhMH7Iu95XjDLxIeuCOOE4t9+vQZsACyKZ9Fxw2pcsRmlX4iCn1mby0hS0bb+nQOVpdQYWPpnyusw4da5RPhA==",
      "requires": {
        "multibase": "^4.0.1",
        "uint8arrays": "^3.0.0",
        "varint": "^5.0.2"
      },
      "dependencies": {
        "varint": {
          "version": "5.0.2",
          "resolved": "https://registry.npmjs.org/varint/-/varint-5.0.2.tgz",
          "integrity": "sha512-lKxKYG6H03yCZUpAGOPOsMcGxd1RHCu1iKvEHYDPmTyq2HueGhD73ssNBqqQWfvYs04G9iUFRvmAVLW20Jw6ow=="
        }
      }
    },
    "safe-buffer": {
      "version": "5.2.1",
      "resolved": "https://registry.npmjs.org/safe-buffer/-/safe-buffer-5.2.1.tgz",
      "integrity": "sha512-rp3So07KcdmmKbGvgaNxQSJr7bGVSVk5S9Eq1F+ppbRo70+YeaDxkw5Dd8NPN+GD6bjnYm2VuPuCXmpuYvmCXQ=="
    },
    "uint8arrays": {
      "version": "3.0.0",
      "resolved": "https://registry.npmjs.org/uint8arrays/-/uint8arrays-3.0.0.tgz",
      "integrity": "sha512-HRCx0q6O9Bfbp+HHSfQQKD7wU70+lydKVt4EghkdOvlK/NlrF90z+eXV34mUd48rNvVJXwkrMSPpCATkct8fJA==",
      "requires": {
        "multiformats": "^9.4.2"
      }
    },
    "varint": {
      "version": "6.0.0",
      "resolved": "https://registry.npmjs.org/varint/-/varint-6.0.0.tgz",
      "integrity": "sha512-cXEIW6cfr15lFv563k4GuVuW/fiwjknytD37jIOLSdSWuOI6WnO/oKwmP2FQTU2l01LP8/M5TSAJpzUaGe3uWg=="
    }
  }
}
